# This file may be used to create an environment using:
# $ conda create --name <env> --file <this file>
# platform: osx-arm64
# created-by: conda 25.5.1
@EXPLICIT
https://repo.anaconda.com/pkgs/main/osx-arm64/aws-c-common-0.8.5-h80987f9_0.conda#b52e243bbc5ebe23e9e3b691ea8c9aca
https://repo.anaconda.com/pkgs/main/osx-arm64/blas-1.0-openblas.conda#082557147829a904fa986cb86dd1e45a
https://repo.anaconda.com/pkgs/main/osx-arm64/bzip2-1.0.8-h80987f9_6.conda#27a1ffbd30ff6427c112a733410e2f57
https://repo.anaconda.com/pkgs/main/osx-arm64/ca-certificates-2026.9.25-hca03da5_0.conda#3cf555c969d342167ed47575a6002522
https://repo.anaconda.com/pkgs/main/osx-arm64/jansson-2.15.0-h9db958f_0.conda#618eef6415d2646740fe6b59538585c9
https://repo.anaconda.com/pkgs/main/osx-arm64/libbrotlicommon-1.0.9-h80987f9_9.conda#b54dd6d9ba7a4fd707601a9abd23c754
https://repo.anaconda.com/pkgs/main/osx-arm64/libcxx-22.1.2-hf894667_0.conda#344e08f75d799c1e5b57441a2a4c357d
https://repo.anaconda.com/pkgs/main/osx-arm64/libev-4.33-h1a28f6b_1.conda#00cac99189c361c3b2cbf506ae6cc718
https://repo.anaconda.com/pkgs/main/osx-arm64/libiconv-1.18-h92f5915_0.conda#efcf143adafc878192a4ab5252f4cacb
https://repo.anaconda.com/pkgs/main/osx-arm64/libmpdec-4.0.1-haa24f5a_0.conda#846740b7e983e4a4843f60f9c0dd757b
https://repo.anaconda.com/pkgs/main/osx-arm64/libunistring-1.4.2-hd80fe18_0.conda#c457b6d1695d1b5b054632d2d5895517
https://repo.anaconda.com/pkgs/main/osx-arm64/libzlib-1.3.2-hb4cf58c_0.conda#9d41b3c3d95b77ef480c540be1bebeea
https://repo.anaconda.com/pkgs/main/osx-arm64/llvm-openmp-22.1.2-h4714345_1.conda#df4e7a6683f56970d08bbba16299f2c7
https://repo.anaconda.com/pkgs/main/osx-arm64/lmdb-1.0.0-hdceb957_0.conda#f7c30c3d204487c2fa2a961442fcfdde
https://repo.anaconda.com/pkgs/main/osx-arm64/lz4-c-1.9.4-hd7fd590_5.conda#b97ccf527a239a8a6f5662d0bc17aab3
https://repo.anaconda.com/pkgs/main/osx-arm64/ncurses-6.6-h2f07c83_0.conda#56f189fa54a4ae78476fd8f593085abd
https://repo.anaconda.com/pkgs/main/osx-arm64/python_abi-3.13-5_cp313.conda#bbc398ad77a58c4be50d7c2588a7c6e8
https://repo.anaconda.com/pkgs/main/noarch/tzdata-2026c-he532380_0.conda#448fc60cd3fb615bf69e242f8aa22914
https://repo.anaconda.com/pkgs/main/osx-arm64/utf8proc-2.6.1-h80987f9_1.conda#5f09e26f39ec8531953913f9194cedbb
https://repo.anaconda.com/pkgs/main/osx-arm64/xz-5.8.4-h9596fca_0.conda#01e055ae59656321b4a46396b1b1310d
https://repo.anaconda.com/pkgs/main/osx-arm64/aws-c-cal-0.5.20-h80987f9_0.conda#0507a3b2b1e7e2fa9dba9674bd5c0d7d
https://repo.anaconda.com/pkgs/main/osx-arm64/aws-c-compression-0.2.16-h80987f9_0.conda#850f38951941bf67fde120194fc14aa5
https://repo.anaconda.com/pkgs/main/osx-arm64/aws-c-sdkutils-0.1.6-h80987f9_0.conda#7900b8cf33655781f6bc7e4c9731742e
https://repo.anaconda.com/pkgs/main/osx-arm64/aws-checksums-0.1.13-h80987f9_0.conda#79b18407b14e4ee31c08f5261f76b8ce
https://repo.anaconda.com/pkgs/main/osx-arm64/c-ares-1.34.8-hfe05a68_0.conda#3aa7ffefcf8cd08fb4f94f61677db2fe
https://repo.anaconda.com/pkgs/main/osx-arm64/gflags-2.2.2-h313beb8_1.conda#8b7ebeae53d1e665baebba713bb18b3b
https://repo.anaconda.com/pkgs/main/osx-arm64/icu-73.1-h313beb8_0.conda#0549586b2838067c209114998ed312ed
https://repo.anaconda.com/pkgs/main/osx-arm64/libabseil-20250127.0-cxx17_h313beb8_0.conda#0a09259c8b12682e6c220c60b33c6a86
https://repo.anaconda.com/pkgs/main/osx-arm64/libasprintf-0.25.1-h7b764f5_0.conda#6003a1343b04c750a86f6efa2f572aed
https://repo.anaconda.com/pkgs/main/osx-arm64/libbrotlidec-1.0.9-h80987f9_9.conda#041a5ffdd9ae30008c21f5d526dd7a6e
https://repo.anaconda.com/pkgs/main/osx-arm64/libbrotlienc-1.0.9-h80987f9_9.conda#225b727fd5900708b032b94d484ab166
https://repo.anaconda.com/pkgs/main/osx-arm64/libexpat-2.9.0-h50f4ffc_0.conda#2a190dc07d2444172c785ceae18380c0
https://repo.anaconda.com/pkgs/main/osx-arm64/libffi-3.4.8-h4a3ca97_3.conda#326b7c1e607c02cafbe73d8850faf103
https://repo.anaconda.com/pkgs/main/osx-arm64/libgfortran5-15.2.0-hb654fa1_2.conda#c90a63ac8919d5032fe9ad8a402a19fe
https://repo.anaconda.com/pkgs/main/osx-arm64/libintl-0.25.1-h7b764f5_0.conda#71d922b1c84b98246a9990d29cba6e92
https://repo.anaconda.com/pkgs/main/osx-arm64/openssl-3.5.9-ha0b305a_0.conda#f889d607d7e4e7acb73a006d5879e858
https://repo.anaconda.com/pkgs/main/osx-arm64/readline-8.3-h0b18652_0.conda#fed853901ec41684b9e08b0c7ee4d7f0
https://repo.anaconda.com/pkgs/main/osx-arm64/snappy-1.2.2-hc0f95ea_1.conda#9efd3140e9800a7b1cdba4c082441511
https://repo.anaconda.com/pkgs/main/osx-arm64/zlib-1.3.2-hb4cf58c_0.conda#20d6a8a398dcfa5aa728e95dc49084db
https://repo.anaconda.com/pkgs/main/osx-arm64/zstd-1.5.7-h817c040_0.conda#f4b8cecc47f8ef5b20b51af6807b2ef1
https://repo.anaconda.com/pkgs/main/osx-arm64/aws-c-io-0.13.10-h80987f9_0.conda#a46741661d604cbfce5ea427c48a26de
https://repo.anaconda.com/pkgs/main/osx-arm64/expat-2.9.0-h50f4ffc_0.conda#f40623540e2433d025cb7914ceeffbb2
https://repo.anaconda.com/pkgs/main/osx-arm64/gettext-tools-0.25.1-h61de102_0.conda#114bc0088ee0fb1bc617315c0cc35682
https://repo.anaconda.com/pkgs/main/osx-arm64/glog-0.5.0-h313beb8_1.conda#1d731ea9977124fe77fd304b20b6c437
https://repo.anaconda.com/pkgs/main/osx-arm64/libasprintf-devel-0.25.1-h7b764f5_0.conda#31af545e511849b35da42d6fb49795e6
https://repo.anaconda.com/pkgs/main/osx-arm64/libevent-2.1.12-h02f6b3c_1.conda#95a45e0c0f91f61832d6dee0566b4277
https://repo.anaconda.com/pkgs/main/osx-arm64/libgettextpo-0.25.1-h7b764f5_0.conda#ff87319dec2259db334819119e4a3c2c
https://repo.anaconda.com/pkgs/main/osx-arm64/libintl-devel-0.25.1-h7b764f5_0.conda#bc68d80a543744b8b36a957ca8a7f024
https://repo.anaconda.com/pkgs/main/osx-arm64/libkrb5-1.22.2-hbbdc3aa_0.conda#3743cbea729ac2371c8301d359e0855d
https://repo.anaconda.com/pkgs/main/osx-arm64/libopenblas-0.3.29-hea593b9_0.conda#5ad0ecf0ac48d1453e16ab8fe1b42925
https://repo.anaconda.com/pkgs/main/osx-arm64/libprotobuf-5.29.3-h14f15fd_1.conda#e8243b37ee36d21afb88c96dc9096cfc
https://repo.anaconda.com/pkgs/main/osx-arm64/libre2-11-2024.07.02-h313beb8_0.conda#eaa53666cf7bc8ebb12f027148474d6c
https://repo.anaconda.com/pkgs/main/osx-arm64/libssh2-1.11.1-hcdf45ba_1.conda#4b7501bbf9e5a83771820820ea28de21
https://repo.anaconda.com/pkgs/main/osx-arm64/libxml2-2.13.9-h528a072_0.conda#099fd71ed4098b1d852bfd3fd3c42282
https://repo.anaconda.com/pkgs/main/osx-arm64/sqlite-3.53.4-h1cce5ff_0.conda#fd9a488523974dc8fcb18bd3869a4885
https://repo.anaconda.com/pkgs/main/osx-arm64/tk-8.6.15-hcd8a7d5_0.conda#d1329e6c7292f448cdeed21290dd1035
https://repo.anaconda.com/pkgs/main/osx-arm64/aws-c-event-stream-0.2.15-h313beb8_0.conda#771d4c168deb95782e16efa74decf3e9
https://repo.anaconda.com/pkgs/main/osx-arm64/aws-c-http-0.6.25-h80987f9_0.conda#22c299d6a8f325bc7b6a235b94792491
https://repo.anaconda.com/pkgs/main/osx-arm64/libgettextpo-devel-0.25.1-h7b764f5_0.conda#0b6fe86a04c739e37aa3306bc2ed653e
https://repo.anaconda.com/pkgs/main/osx-arm64/libnghttp2-1.67.1-h8189af8_0.conda#bed79f63cae2e78f5b697f6196453d96
https://repo.anaconda.com/pkgs/main/osx-arm64/libthrift-0.15.0-h538a5d9_4.conda#bf2c8ee0bd402d305da649cc2615e03a
https://repo.anaconda.com/pkgs/main/osx-arm64/orc-2.1.1-h55d209b_0.conda#3cb4ecfe88022930d07d33c0433041e1
https://repo.anaconda.com/pkgs/main/osx-arm64/python-3.13.5-h2eb94d5_100_cp313.conda#3ed285f818e71b4c0410e9820da1cf8a
https://repo.anaconda.com/pkgs/main/osx-arm64/re2-2024.07.02-h48ca7d4_0.conda#aed3f34a2787a82a696d3db37362e91a
https://repo.anaconda.com/pkgs/main/osx-arm64/aws-c-auth-0.6.19-h80987f9_0.conda#049b48eb40d21c3642fa664b5e702fa8
https://repo.anaconda.com/pkgs/main/osx-arm64/aws-c-mqtt-0.7.13-h80987f9_0.conda#d3825043e1d2501321cd190474577939
https://repo.anaconda.com/pkgs/main/osx-arm64/gettext-0.25.1-h50c8ec2_0.conda#019e4c074d5db31938a582141e0d8af1
https://repo.anaconda.com/pkgs/main/osx-arm64/libgrpc-1.71.2-h0fb6aab_0.conda#5b22ac33a89fbcf82d05769af7b7cc83
https://repo.anaconda.com/pkgs/main/osx-arm64/numpy-base-2.1.3-py313hb98e858_0.conda#ee21cc3900a5d9f2fa7461999f4cd585
https://repo.anaconda.com/pkgs/main/osx-arm64/packaging-26.3-py313hca03da5_0.conda#9203350bcf5c40498178f46339b0a4a2
https://repo.anaconda.com/pkgs/main/noarch/python-tzdata-2025.2-pyhd3eb1b0_0.conda#5ac858f05dbf9d3cdb04d53516901247
https://repo.anaconda.com/pkgs/main/osx-arm64/pytz-2024.1-py313hca03da5_0.conda#4e5797172b068963146da8b4a6ee4978
https://repo.anaconda.com/pkgs/main/osx-arm64/setuptools-72.1.0-py313hca03da5_0.conda#1f7fcc85fe4efdf90e7f944efec19274
https://repo.anaconda.com/pkgs/main/osx-arm64/six-1.17.0-py313hca03da5_0.conda#4af6f9244bd475289f3410b1c8880ed9
https://repo.anaconda.com/pkgs/main/osx-arm64/aws-c-s3-0.1.51-h80987f9_0.conda#4e4d22aff8c54722b6da81b8c88a82b4
https://repo.anaconda.com/pkgs/main/osx-arm64/libidn2-2.3.8-h9681e36_0.conda#4caba2988c52534c6ba5e88afebba106
https://repo.anaconda.com/pkgs/main/osx-arm64/numpy-2.1.3-py313h7c57ca2_0.conda#73f012b8945c2b658e80f7a949cca8c5
https://repo.anaconda.com/pkgs/main/osx-arm64/python-dateutil-2.9.0post0-py313hca03da5_2.conda#2ac600a5ed014f3b8fe2996b213a68e6
https://repo.anaconda.com/pkgs/main/osx-arm64/wheel-0.47.0-py313hca03da5_0.conda#43e033208d13f618ea48511c7eebfeab
https://repo.anaconda.com/pkgs/main/osx-arm64/aws-crt-cpp-0.18.16-h313beb8_0.conda#3013843cd1a99a7c26d4913be49d2214
https://repo.anaconda.com/pkgs/main/osx-arm64/bottleneck-1.6.0-py313h03d0aa3_0.conda#eb90ca72aa182e5d2a4a3ec745b569e9
https://repo.anaconda.com/pkgs/main/osx-arm64/libcurl-8.17.0-hf04a6f0_1.conda#4aa61ed21d2f4b1444d05bd355e83ed0
https://repo.anaconda.com/pkgs/main/osx-arm64/numexpr-2.14.2-py313h5fbe615_0.conda#b436ae8dc3c25c4dedb1a70360e1c57a
https://repo.anaconda.com/pkgs/main/noarch/pip-26.2.1-pyhc872135_0.conda#786f51293908e5aee1a57518e298d346
https://repo.anaconda.com/pkgs/main/osx-arm64/scipy-1.15.3-py313hd7edaaf_0.conda#65e71560132c81ec3a20345fa1d86cd4
https://repo.anaconda.com/pkgs/main/osx-arm64/aws-sdk-cpp-1.11.212-hdd7fb2f_0.conda#77e7e6c53248cb484581a8dda7e2bbbf
https://repo.anaconda.com/pkgs/main/osx-arm64/pandas-2.2.3-py313hcf29cfe_0.conda#c5ce7049e4a6a834aec7095ae6f31c07
https://repo.anaconda.com/pkgs/main/osx-arm64/arrow-cpp-19.0.0-h0b7d223_2.conda#45dedda8fa8b02d7b151c3d1758e00ef
https://repo.anaconda.com/pkgs/main/osx-arm64/pyarrow-19.0.0-py313h313beb8_1.conda#47804269713e235c002463390e619951
